
Microsoft Visual Studio Solution File, Format Version 12.00
# Visual Studio Version 16
VisualStudioVersion = 16.0.30503.244
MinimumVisualStudioVersion = 10.0.40219.1
Project("{FAE04EC0-301F-11D3-BF4B-00C04F79EFBC}") = "ContactManagerment", "ContactManagerment\ContactManagerment.csproj", "{0F696393-4F53-4F06-A6F2-BB1FDCB8C960}"
EndProject
Global
	GlobalSection(SolutionConfigurationPlatforms) = preSolution
		Debug|Any CPU = Debug|Any CPU
		Release|Any CPU = Release|Any CPU
	EndGlobalSection
	GlobalSection(ProjectConfigurationPlatforms) = postSolution
		{0F696393-4F53-4F06-A6F2-BB1FDCB8C960}.Debug|Any CPU.ActiveCfg = Debug|Any CPU
		{0F696393-4F53-4F06-A6F2-BB1FDCB8C960}.Debug|Any CPU.Build.0 = Debug|Any CPU
		{0F696393-4F53-4F06-A6F2-BB1FDCB8C960}.Release|Any CPU.ActiveCfg = Release|Any CPU
		{0F696393-4F53-4F06-A6F2-BB1FDCB8C960}.Release|Any CPU.Build.0 = Release|Any CPU
	EndGlobalSection
	GlobalSection(SolutionProperties) = preSolution
		HideSolutionNode = FALSE
	EndGlobalSection
	GlobalSection(ExtensibilityGlobals) = postSolution
		SolutionGuid = {C796CD5B-9A11-4A43-856F-55754F05A087}
	EndGlobalSection
EndGlobal
